
Microsoft Visual Studio Solution File, Format Version 12.00
# Visual Studio Version 16
VisualStudioVersion = 16.0.34407.143
MinimumVisualStudioVersion = 10.0.40219.1
Project("{FAE04EC0-301F-11D3-BF4B-00C04F79EFBC}") = "Entities", "Entities\Entities.csproj", "{FF0880EB-AAAE-4B21-9C33-E90733FE35BA}"
EndProject
Project("{FAE04EC0-301F-11D3-BF4B-00C04F79EFBC}") = "Business", "Business\Business.csproj", "{D67E362F-8FFE-45AF-951F-B63B386A7360}"
EndProject
Project("{FAE04EC0-301F-11D3-BF4B-00C04F79EFBC}") = "DataAccess", "DataAccess\DataAccess.csproj", "{36526157-D025-4213-BD96-EFF3A99A46CE}"
EndProject
Project("{FAE04EC0-301F-11D3-BF4B-00C04F79EFBC}") = "ConsoleUII", "ConsoleUII\ConsoleUII.csproj", "{E7EF0793-520F-41EB-9C42-17CD84A69B7D}"
EndProject
Global
	GlobalSection(SolutionConfigurationPlatforms) = preSolution
		Debug|Any CPU = Debug|Any CPU
		Release|Any CPU = Release|Any CPU
	EndGlobalSection
	GlobalSection(ProjectConfigurationPlatforms) = postSolution
		{FF0880EB-AAAE-4B21-9C33-E90733FE35BA}.Debug|Any CPU.ActiveCfg = Debug|Any CPU
		{FF0880EB-AAAE-4B21-9C33-E90733FE35BA}.Debug|Any CPU.Build.0 = Debug|Any CPU
		{FF0880EB-AAAE-4B21-9C33-E90733FE35BA}.Release|Any CPU.ActiveCfg = Release|Any CPU
		{FF0880EB-AAAE-4B21-9C33-E90733FE35BA}.Release|Any CPU.Build.0 = Release|Any CPU
		{D67E362F-8FFE-45AF-951F-B63B386A7360}.Debug|Any CPU.ActiveCfg = Debug|Any CPU
		{D67E362F-8FFE-45AF-951F-B63B386A7360}.Debug|Any CPU.Build.0 = Debug|Any CPU
		{D67E362F-8FFE-45AF-951F-B63B386A7360}.Release|Any CPU.ActiveCfg = Release|Any CPU
		{D67E362F-8FFE-45AF-951F-B63B386A7360}.Release|Any CPU.Build.0 = Release|Any CPU
		{36526157-D025-4213-BD96-EFF3A99A46CE}.Debug|Any CPU.ActiveCfg = Debug|Any CPU
		{36526157-D025-4213-BD96-EFF3A99A46CE}.Debug|Any CPU.Build.0 = Debug|Any CPU
		{36526157-D025-4213-BD96-EFF3A99A46CE}.Release|Any CPU.ActiveCfg = Release|Any CPU
		{36526157-D025-4213-BD96-EFF3A99A46CE}.Release|Any CPU.Build.0 = Release|Any CPU
		{E7EF0793-520F-41EB-9C42-17CD84A69B7D}.Debug|Any CPU.ActiveCfg = Debug|Any CPU
		{E7EF0793-520F-41EB-9C42-17CD84A69B7D}.Debug|Any CPU.Build.0 = Debug|Any CPU
		{E7EF0793-520F-41EB-9C42-17CD84A69B7D}.Release|Any CPU.ActiveCfg = Release|Any CPU
		{E7EF0793-520F-41EB-9C42-17CD84A69B7D}.Release|Any CPU.Build.0 = Release|Any CPU
	EndGlobalSection
	GlobalSection(SolutionProperties) = preSolution
		HideSolutionNode = FALSE
	EndGlobalSection
	GlobalSection(ExtensibilityGlobals) = postSolution
		SolutionGuid = {B01B567C-BC26-4983-98F0-B7E993FEF4A7}
	EndGlobalSection
EndGlobal
