
Microsoft Visual Studio Solution File, Format Version 12.00
# Visual Studio Version 16
VisualStudioVersion = 16.0.34407.143
MinimumVisualStudioVersion = 10.0.40219.1
Project("{FAE04EC0-301F-11D3-BF4B-00C04F79EFBC}") = "Kodlama.IO_CSharp.Net_SQL", "Kodlama.IO_CSharp.Net_SQL\Kodlama.IO_CSharp.Net_SQL.csproj", "{EE3BFA6B-6DF6-4829-A664-C2F887B44E5B}"
EndProject
Global
	GlobalSection(SolutionConfigurationPlatforms) = preSolution
		Debug|Any CPU = Debug|Any CPU
		Release|Any CPU = Release|Any CPU
	EndGlobalSection
	GlobalSection(ProjectConfigurationPlatforms) = postSolution
		{EE3BFA6B-6DF6-4829-A664-C2F887B44E5B}.Debug|Any CPU.ActiveCfg = Debug|Any CPU
		{EE3BFA6B-6DF6-4829-A664-C2F887B44E5B}.Debug|Any CPU.Build.0 = Debug|Any CPU
		{EE3BFA6B-6DF6-4829-A664-C2F887B44E5B}.Release|Any CPU.ActiveCfg = Release|Any CPU
		{EE3BFA6B-6DF6-4829-A664-C2F887B44E5B}.Release|Any CPU.Build.0 = Release|Any CPU
	EndGlobalSection
	GlobalSection(SolutionProperties) = preSolution
		HideSolutionNode = FALSE
	EndGlobalSection
	GlobalSection(ExtensibilityGlobals) = postSolution
		SolutionGuid = {6CC27A4E-13A4-4A1F-A27A-C0112D8701CC}
	EndGlobalSection
EndGlobal
